{
  "name": "lito",
  "lockfileVersion": 2,
  "requires": true,
  "packages": {
    "": {

      "name": "lito",
      "hasInstallScript": true,
      "dependencies": {
        "@react-hook/resize-observer": "^1.2.4"
      }
    },
    "node_modules/@juggle/resize-observer": {
      "version": "3.3.1",
      "resolved": "https://registry.npmjs.org/@juggle/resize-observer/-/resize-observer-3.3.1.tgz",
      "integrity": "sha512-zMM9Ds+SawiUkakS7y94Ymqx+S0ORzpG3frZirN3l+UlXUmSUR7hF4wxCVqW+ei94JzV5kt0uXBcoOEAuiydrw=="
    },
    "node_modules/@react-hook/latest": {
      "version": "1.0.3",
      "resolved": "https://registry.npmjs.org/@react-hook/latest/-/latest-1.0.3.tgz",
      "integrity": "sha512-dy6duzl+JnAZcDbNTfmaP3xHiKtbXYOaz3G51MGVljh548Y8MWzTr+PHLOfvpypEVW9zwvl+VyKjbWKEVbV1Rg==",
      "peerDependencies": {
        "react": ">=16.8"
      }
    },
    "node_modules/@react-hook/passive-layout-effect": {
      "version": "1.2.1",
      "resolved": "https://registry.npmjs.org/@react-hook/passive-layout-effect/-/passive-layout-effect-1.2.1.tgz",
      "integrity": "sha512-IwEphTD75liO8g+6taS+4oqz+nnroocNfWVHWz7j+N+ZO2vYrc6PV1q7GQhuahL0IOR7JccFTsFKQ/mb6iZWAg==",
      "peerDependencies": {
        "react": ">=16.8"
      }
    },
    "node_modules/@react-hook/resize-observer": {
      "version": "1.2.4",
      "resolved": "https://registry.npmjs.org/@react-hook/resize-observer/-/resize-observer-1.2.4.tgz",
      "integrity": "sha512-ouYbtX9kcwG6a52cl2JiIm2e846bQ00RZ/3ATs7yDke/4Z/SG/+SWU8WTdCcBBS4R25nhBsbAjWdd85kHuhO6g==",
      "dependencies": {
        "@juggle/resize-observer": "^3.3.1",
        "@react-hook/latest": "^1.0.2",
        "@react-hook/passive-layout-effect": "^1.2.0",
        "@types/raf-schd": "^4.0.0",
        "raf-schd": "^4.0.2"
      },
      "peerDependencies": {
        "react": ">=16.8"
      }
    },
    "node_modules/@types/raf-schd": {
      "version": "4.0.1",
      "resolved": "https://registry.npmjs.org/@types/raf-schd/-/raf-schd-4.0.1.tgz",
      "integrity": "sha512-Ha+EnKHFIh9EKW0/XZJPUd3EGDFisEvauaBd4VVCRPKeOqUxNEc9TodiY2Zhk33XCgzJucoFEcaoNcBAPHTQ2A=="
    },
    "node_modules/js-tokens": {
      "version": "4.0.0",
      "resolved": "https://registry.npmjs.org/js-tokens/-/js-tokens-4.0.0.tgz",
      "integrity": "sha512-RdJUflcE3cUzKiMqQgsCu06FPu9UdIJO0beYbPhHN4k6apgJtifcoCtT9bcxOpYBtpD2kCM6Sbzg4CausW/PKQ==",
      "peer": true
    },
    "node_modules/loose-envify": {
      "version": "1.4.0",
      "resolved": "https://registry.npmjs.org/loose-envify/-/loose-envify-1.4.0.tgz",
      "integrity": "sha512-lyuxPGr/Wfhrlem2CL/UcnUc1zcqKAImBDzukY7Y5F/yQiNdko6+fRLevlw1HgMySw7f611UIY408EtxRSoK3Q==",
      "peer": true,
      "dependencies": {
        "js-tokens": "^3.0.0 || ^4.0.0"
      },
      "bin": {
        "loose-envify": "cli.js"
      }
    },
    "node_modules/object-assign": {
      "version": "4.1.1",
      "resolved": "https://registry.npmjs.org/object-assign/-/object-assign-4.1.1.tgz",
      "integrity": "sha1-IQmtx5ZYh8/AXLvUQsrIv7s2CGM=",
      "peer": true,
      "engines": {
        "node": ">=0.10.0"
      }
    },
    "node_modules/raf-schd": {
      "version": "4.0.3",
      "resolved": "https://registry.npmjs.org/raf-schd/-/raf-schd-4.0.3.tgz",
      "integrity": "sha512-tQkJl2GRWh83ui2DiPTJz9wEiMN20syf+5oKfB03yYP7ioZcJwsIK8FjrtLwH1m7C7e+Tt2yYBlrOpdT+dyeIQ=="
    },
    "node_modules/react": {
      "version": "17.0.2",
      "resolved": "https://registry.npmjs.org/react/-/react-17.0.2.tgz",
      "integrity": "sha512-gnhPt75i/dq/z3/6q/0asP78D0u592D5L1pd7M8P+dck6Fu/jJeL6iVVK23fptSUZj8Vjf++7wXA8UNclGQcbA==",
      "peer": true,
      "dependencies": {
        "loose-envify": "^1.1.0",
        "object-assign": "^4.1.1"
      },
      "engines": {
        "node": ">=0.10.0"
      }
    }
  },
  "dependencies": {
    "@juggle/resize-observer": {
      "version": "3.3.1",
      "resolved": "https://registry.npmjs.org/@juggle/resize-observer/-/resize-observer-3.3.1.tgz",
      "integrity": "sha512-zMM9Ds+SawiUkakS7y94Ymqx+S0ORzpG3frZirN3l+UlXUmSUR7hF4wxCVqW+ei94JzV5kt0uXBcoOEAuiydrw=="
    },
    "@react-hook/latest": {
      "version": "1.0.3",
      "resolved": "https://registry.npmjs.org/@react-hook/latest/-/latest-1.0.3.tgz",
      "integrity": "sha512-dy6duzl+JnAZcDbNTfmaP3xHiKtbXYOaz3G51MGVljh548Y8MWzTr+PHLOfvpypEVW9zwvl+VyKjbWKEVbV1Rg==",
      "requires": {}
    },
    "@react-hook/passive-layout-effect": {
      "version": "1.2.1",
      "resolved": "https://registry.npmjs.org/@react-hook/passive-layout-effect/-/passive-layout-effect-1.2.1.tgz",
      "integrity": "sha512-IwEphTD75liO8g+6taS+4oqz+nnroocNfWVHWz7j+N+ZO2vYrc6PV1q7GQhuahL0IOR7JccFTsFKQ/mb6iZWAg==",
      "requires": {}
    },
    "@react-hook/resize-observer": {
      "version": "1.2.4",
      "resolved": "https://registry.npmjs.org/@react-hook/resize-observer/-/resize-observer-1.2.4.tgz",
      "integrity": "sha512-ouYbtX9kcwG6a52cl2JiIm2e846bQ00RZ/3ATs7yDke/4Z/SG/+SWU8WTdCcBBS4R25nhBsbAjWdd85kHuhO6g==",
      "requires": {
        "@juggle/resize-observer": "^3.3.1",
        "@react-hook/latest": "^1.0.2",
        "@react-hook/passive-layout-effect": "^1.2.0",
        "@types/raf-schd": "^4.0.0",
        "raf-schd": "^4.0.2"
      }
    },
    "@types/raf-schd": {
      "version": "4.0.1",
      "resolved": "https://registry.npmjs.org/@types/raf-schd/-/raf-schd-4.0.1.tgz",
      "integrity": "sha512-Ha+EnKHFIh9EKW0/XZJPUd3EGDFisEvauaBd4VVCRPKeOqUxNEc9TodiY2Zhk33XCgzJucoFEcaoNcBAPHTQ2A=="
    },
    "js-tokens": {
      "version": "4.0.0",
      "resolved": "https://registry.npmjs.org/js-tokens/-/js-tokens-4.0.0.tgz",
      "integrity": "sha512-RdJUflcE3cUzKiMqQgsCu06FPu9UdIJO0beYbPhHN4k6apgJtifcoCtT9bcxOpYBtpD2kCM6Sbzg4CausW/PKQ==",
      "peer": true
    },
    "loose-envify": {
      "version": "1.4.0",
      "resolved": "https://registry.npmjs.org/loose-envify/-/loose-envify-1.4.0.tgz",
      "integrity": "sha512-lyuxPGr/Wfhrlem2CL/UcnUc1zcqKAImBDzukY7Y5F/yQiNdko6+fRLevlw1HgMySw7f611UIY408EtxRSoK3Q==",
      "peer": true,
      "requires": {
        "js-tokens": "^3.0.0 || ^4.0.0"
      }
    },
    "object-assign": {
      "version": "4.1.1",
      "resolved": "https://registry.npmjs.org/object-assign/-/object-assign-4.1.1.tgz",
      "integrity": "sha1-IQmtx5ZYh8/AXLvUQsrIv7s2CGM=",
      "peer": true
    },
    "raf-schd": {
      "version": "4.0.3",
      "resolved": "https://registry.npmjs.org/raf-schd/-/raf-schd-4.0.3.tgz",
      "integrity": "sha512-tQkJl2GRWh83ui2DiPTJz9wEiMN20syf+5oKfB03yYP7ioZcJwsIK8FjrtLwH1m7C7e+Tt2yYBlrOpdT+dyeIQ=="
    },
    "react": {
      "version": "17.0.2",
      "resolved": "https://registry.npmjs.org/react/-/react-17.0.2.tgz",
      "integrity": "sha512-gnhPt75i/dq/z3/6q/0asP78D0u592D5L1pd7M8P+dck6Fu/jJeL6iVVK23fptSUZj8Vjf++7wXA8UNclGQcbA==",
      "peer": true,
      "requires": {
        "loose-envify": "^1.1.0",
        "object-assign": "^4.1.1"
      }
    }
  }
}
